
Microsoft Visual Studio Solution File, Format Version 12.00
# Visual Studio Version 16
VisualStudioVersion = 25.0.1705.0
MinimumVisualStudioVersion = 10.0.40219.1
Project("{FAE04EC0-301F-11D3-BF4B-00C04F79EFBC}") = "Design Patterns Lab", "Design Patterns Lab\Design Patterns Lab.csproj", "{6119754B-A265-487D-9C6C-B1FB7886FBCB}"
EndProject
Global
	GlobalSection(SolutionConfigurationPlatforms) = preSolution
		Debug|Any CPU = Debug|Any CPU
		Release|Any CPU = Release|Any CPU
	EndGlobalSection
	GlobalSection(ProjectConfigurationPlatforms) = postSolution
		{6119754B-A265-487D-9C6C-B1FB7886FBCB}.Debug|Any CPU.ActiveCfg = Debug|Any CPU
		{6119754B-A265-487D-9C6C-B1FB7886FBCB}.Debug|Any CPU.Build.0 = Debug|Any CPU
		{6119754B-A265-487D-9C6C-B1FB7886FBCB}.Release|Any CPU.ActiveCfg = Release|Any CPU
		{6119754B-A265-487D-9C6C-B1FB7886FBCB}.Release|Any CPU.Build.0 = Release|Any CPU
	EndGlobalSection
	GlobalSection(SolutionProperties) = preSolution
		HideSolutionNode = FALSE
	EndGlobalSection
	GlobalSection(ExtensibilityGlobals) = postSolution
		SolutionGuid = {B523674E-3BC6-4954-9064-BDF71298B610}
	EndGlobalSection
EndGlobal
